// !$*UTF8*$!
{
	archiveVersion = 1;
	classes = {
	};
	objectVersion = 56;
	objects = {

/* Begin PBXBuildFile section */
		0F1050AB296C733F0099C492 /* XCTestCase+MemoryLeakTracking.swift in Sources */ = {isa = PBXBuildFile; fileRef = 0F1050AA296C733F0099C492 /* XCTestCase+MemoryLeakTracking.swift */; };
		0F1050AD296C73B50099C492 /* SharedTestHelpers.swift in Sources */ = {isa = PBXBuildFile; fileRef = 0F1050AC296C73B50099C492 /* SharedTestHelpers.swift */; };
		0F1050BB296C8CD90099C492 /* FeedImageDataLoaderStub.swift in Sources */ = {isa = PBXBuildFile; fileRef = 0F1050BA296C8CD90099C492 /* FeedImageDataLoaderStub.swift */; };
		0F1050BD296C94870099C492 /* FeedLoaderTestCase+FeedImageDataLoader.swift in Sources */ = {isa = PBXBuildFile; fileRef = 0F1050BC296C94870099C492 /* FeedLoaderTestCase+FeedImageDataLoader.swift */; };
		0F7756A8296F3E5A004A0364 /* FeedAcceptanceTests.swift in Sources */ = {isa = PBXBuildFile; fileRef = 0F7756A7296F3E5A004A0364 /* FeedAcceptanceTests.swift */; };
		0F7E754C2968521F007182D9 /* AppDelegate.swift in Sources */ = {isa = PBXBuildFile; fileRef = 0F7E754B2968521F007182D9 /* AppDelegate.swift */; };
		0F7E754E2968521F007182D9 /* SceneDelegate.swift in Sources */ = {isa = PBXBuildFile; fileRef = 0F7E754D2968521F007182D9 /* SceneDelegate.swift */; };
		0F7E75502968521F007182D9 /* ViewController.swift in Sources */ = {isa = PBXBuildFile; fileRef = 0F7E754F2968521F007182D9 /* ViewController.swift */; };
		0F7E755529685220007182D9 /* Assets.xcassets in Resources */ = {isa = PBXBuildFile; fileRef = 0F7E755429685220007182D9 /* Assets.xcassets */; };
		0F7E755829685220007182D9 /* LaunchScreen.storyboard in Resources */ = {isa = PBXBuildFile; fileRef = 0F7E755629685220007182D9 /* LaunchScreen.storyboard */; };
		0F7E7589296854B1007182D9 /* EssentialFeed.framework in Frameworks */ = {isa = PBXBuildFile; fileRef = 0F7E7588296854B1007182D9 /* EssentialFeed.framework */; };
		0F7E758A296854B1007182D9 /* EssentialFeed.framework in Embed Frameworks */ = {isa = PBXBuildFile; fileRef = 0F7E7588296854B1007182D9 /* EssentialFeed.framework */; settings = {ATTRIBUTES = (CodeSignOnCopy, RemoveHeadersOnCopy, ); }; };
		0F7E758D296854B5007182D9 /* EssentialFeediOS.framework in Frameworks */ = {isa = PBXBuildFile; fileRef = 0F7E758C296854B5007182D9 /* EssentialFeediOS.framework */; };
		0F7E758E296854B5007182D9 /* EssentialFeediOS.framework in Embed Frameworks */ = {isa = PBXBuildFile; fileRef = 0F7E758C296854B5007182D9 /* EssentialFeediOS.framework */; settings = {ATTRIBUTES = (CodeSignOnCopy, RemoveHeadersOnCopy, ); }; };
		0FC45263297042CA00A2A4B8 /* CombineHelpers.swift in Sources */ = {isa = PBXBuildFile; fileRef = 0FC45262297042CA00A2A4B8 /* CombineHelpers.swift */; };
		0FE09CF1296F329600CFEF6D /* SceneDelegateTests.swift in Sources */ = {isa = PBXBuildFile; fileRef = 0FE09CF0296F329600CFEF6D /* SceneDelegateTests.swift */; };
		0FE09D20296F3BFE00CFEF6D /* LoadResourcePresentationAdapter.swift in Sources */ = {isa = PBXBuildFile; fileRef = 0FE09D1B296F3BFD00CFEF6D /* LoadResourcePresentationAdapter.swift */; };
		0FE09D21296F3BFE00CFEF6D /* FeedViewAdapter.swift in Sources */ = {isa = PBXBuildFile; fileRef = 0FE09D1D296F3BFD00CFEF6D /* FeedViewAdapter.swift */; };
		0FE09D22296F3BFE00CFEF6D /* FeedUIComposer.swift in Sources */ = {isa = PBXBuildFile; fileRef = 0FE09D19296F3BFD00CFEF6D /* FeedUIComposer.swift */; };
		0FE09D23296F3BFE00CFEF6D /* WeakRefVirtualProxy.swift in Sources */ = {isa = PBXBuildFile; fileRef = 0FE09D18296F3BFD00CFEF6D /* WeakRefVirtualProxy.swift */; };
		0FE09D2D296F3C3700CFEF6D /* FeedViewControllerTests+LoaderSpy.swift in Sources */ = {isa = PBXBuildFile; fileRef = 0FE09D25296F3C3600CFEF6D /* FeedViewControllerTests+LoaderSpy.swift */; };
		0FE09D2E296F3C3700CFEF6D /* UIRefreshControl+TestHelpers.swift in Sources */ = {isa = PBXBuildFile; fileRef = 0FE09D24296F3C3600CFEF6D /* UIRefreshControl+TestHelpers.swift */; };
		0FE09D2F296F3C3700CFEF6D /* UIButton+TestHelpers.swift in Sources */ = {isa = PBXBuildFile; fileRef = 0FE09D2A296F3C3700CFEF6D /* UIButton+TestHelpers.swift */; };
		0FE09D30296F3C3700CFEF6D /* UIImage+TestHelpers.swift in Sources */ = {isa = PBXBuildFile; fileRef = 0FE09D28296F3C3600CFEF6D /* UIImage+TestHelpers.swift */; };
		0FE09D31296F3C3700CFEF6D /* FeedViewControllerTests+Assertions.swift in Sources */ = {isa = PBXBuildFile; fileRef = 0FE09D26296F3C3600CFEF6D /* FeedViewControllerTests+Assertions.swift */; };
		0FE09D32296F3C3700CFEF6D /* UIControl+TestHelpers.swift in Sources */ = {isa = PBXBuildFile; fileRef = 0FE09D2C296F3C3700CFEF6D /* UIControl+TestHelpers.swift */; };
		0FE09D33296F3C3700CFEF6D /* FeedImageCell+TestHelpers.swift in Sources */ = {isa = PBXBuildFile; fileRef = 0FE09D2B296F3C3700CFEF6D /* FeedImageCell+TestHelpers.swift */; };
		0FE09D34296F3C3700CFEF6D /* FeedViewControllerTests+Localization.swift in Sources */ = {isa = PBXBuildFile; fileRef = 0FE09D29296F3C3600CFEF6D /* FeedViewControllerTests+Localization.swift */; };
		0FE09D35296F3C3700CFEF6D /* FeedViewController+TestHelpers.swift in Sources */ = {isa = PBXBuildFile; fileRef = 0FE09D27296F3C3600CFEF6D /* FeedViewController+TestHelpers.swift */; };
		0FE09D37296F3C5D00CFEF6D /* FeedUIIntegrationTests.swift in Sources */ = {isa = PBXBuildFile; fileRef = 0FE09D36296F3C5D00CFEF6D /* FeedUIIntegrationTests.swift */; };
/* End PBXBuildFile section */

/* Begin PBXContainerItemProxy section */
		0F7E755F29685220007182D9 /* PBXContainerItemProxy */ = {
			isa = PBXContainerItemProxy;
			containerPortal = 0F7E75402968521F007182D9 /* Project object */;
			proxyType = 1;
			remoteGlobalIDString = 0F7E75472968521F007182D9;
			remoteInfo = EssentialApp;
		};
/* End PBXContainerItemProxy section */

/* Begin PBXCopyFilesBuildPhase section */
		0F7E758B296854B1007182D9 /* Embed Frameworks */ = {
			isa = PBXCopyFilesBuildPhase;
			buildActionMask = 2147483647;
			dstPath = "";
			dstSubfolderSpec = 10;
			files = (
				0F7E758A296854B1007182D9 /* EssentialFeed.framework in Embed Frameworks */,
				0F7E758E296854B5007182D9 /* EssentialFeediOS.framework in Embed Frameworks */,
			);
			name = "Embed Frameworks";
			runOnlyForDeploymentPostprocessing = 0;
		};
/* End PBXCopyFilesBuildPhase section */

/* Begin PBXFileReference section */
		0F1050AA296C733F0099C492 /* XCTestCase+MemoryLeakTracking.swift */ = {isa = PBXFileReference; lastKnownFileType = sourcecode.swift; path = "XCTestCase+MemoryLeakTracking.swift"; sourceTree = "<group>"; };
		0F1050AC296C73B50099C492 /* SharedTestHelpers.swift */ = {isa = PBXFileReference; lastKnownFileType = sourcecode.swift; path = SharedTestHelpers.swift; sourceTree = "<group>"; };
		0F1050BA296C8CD90099C492 /* FeedImageDataLoaderStub.swift */ = {isa = PBXFileReference; lastKnownFileType = sourcecode.swift; path = FeedImageDataLoaderStub.swift; sourceTree = "<group>"; };
		0F1050BC296C94870099C492 /* FeedLoaderTestCase+FeedImageDataLoader.swift */ = {isa = PBXFileReference; lastKnownFileType = sourcecode.swift; path = "FeedLoaderTestCase+FeedImageDataLoader.swift"; sourceTree = "<group>"; };
		0F7756A7296F3E5A004A0364 /* FeedAcceptanceTests.swift */ = {isa = PBXFileReference; lastKnownFileType = sourcecode.swift; path = FeedAcceptanceTests.swift; sourceTree = "<group>"; };
		0F7E75482968521F007182D9 /* EssentialApp.app */ = {isa = PBXFileReference; explicitFileType = wrapper.application; includeInIndex = 0; path = EssentialApp.app; sourceTree = BUILT_PRODUCTS_DIR; };
		0F7E754B2968521F007182D9 /* AppDelegate.swift */ = {isa = PBXFileReference; lastKnownFileType = sourcecode.swift; path = AppDelegate.swift; sourceTree = "<group>"; };
		0F7E754D2968521F007182D9 /* SceneDelegate.swift */ = {isa = PBXFileReference; lastKnownFileType = sourcecode.swift; path = SceneDelegate.swift; sourceTree = "<group>"; };
		0F7E754F2968521F007182D9 /* ViewController.swift */ = {isa = PBXFileReference; lastKnownFileType = sourcecode.swift; path = ViewController.swift; sourceTree = "<group>"; };
		0F7E755429685220007182D9 /* Assets.xcassets */ = {isa = PBXFileReference; lastKnownFileType = folder.assetcatalog; path = Assets.xcassets; sourceTree = "<group>"; };
		0F7E755729685220007182D9 /* Base */ = {isa = PBXFileReference; lastKnownFileType = file.storyboard; name = Base; path = Base.lproj/LaunchScreen.storyboard; sourceTree = "<group>"; };
		0F7E755E29685220007182D9 /* EssentialAppTests.xctest */ = {isa = PBXFileReference; explicitFileType = wrapper.cfbundle; includeInIndex = 0; path = EssentialAppTests.xctest; sourceTree = BUILT_PRODUCTS_DIR; };
		0F7E7588296854B1007182D9 /* EssentialFeed.framework */ = {isa = PBXFileReference; explicitFileType = wrapper.framework; path = EssentialFeed.framework; sourceTree = BUILT_PRODUCTS_DIR; };
		0F7E758C296854B5007182D9 /* EssentialFeediOS.framework */ = {isa = PBXFileReference; explicitFileType = wrapper.framework; path = EssentialFeediOS.framework; sourceTree = BUILT_PRODUCTS_DIR; };
		0FC45262297042CA00A2A4B8 /* CombineHelpers.swift */ = {isa = PBXFileReference; lastKnownFileType = sourcecode.swift; path = CombineHelpers.swift; sourceTree = "<group>"; };
		0FE09CF0296F329600CFEF6D /* SceneDelegateTests.swift */ = {isa = PBXFileReference; lastKnownFileType = sourcecode.swift; path = SceneDelegateTests.swift; sourceTree = "<group>"; };
		0FE09D18296F3BFD00CFEF6D /* WeakRefVirtualProxy.swift */ = {isa = PBXFileReference; lastKnownFileType = sourcecode.swift; path = WeakRefVirtualProxy.swift; sourceTree = "<group>"; };
		0FE09D19296F3BFD00CFEF6D /* FeedUIComposer.swift */ = {isa = PBXFileReference; lastKnownFileType = sourcecode.swift; path = FeedUIComposer.swift; sourceTree = "<group>"; };
		0FE09D1B296F3BFD00CFEF6D /* LoadResourcePresentationAdapter.swift */ = {isa = PBXFileReference; lastKnownFileType = sourcecode.swift; path = LoadResourcePresentationAdapter.swift; sourceTree = "<group>"; };
		0FE09D1D296F3BFD00CFEF6D /* FeedViewAdapter.swift */ = {isa = PBXFileReference; lastKnownFileType = sourcecode.swift; path = FeedViewAdapter.swift; sourceTree = "<group>"; };
		0FE09D24296F3C3600CFEF6D /* UIRefreshControl+TestHelpers.swift */ = {isa = PBXFileReference; lastKnownFileType = sourcecode.swift; path = "UIRefreshControl+TestHelpers.swift"; sourceTree = "<group>"; };
		0FE09D25296F3C3600CFEF6D /* FeedViewControllerTests+LoaderSpy.swift */ = {isa = PBXFileReference; lastKnownFileType = sourcecode.swift; path = "FeedViewControllerTests+LoaderSpy.swift"; sourceTree = "<group>"; };
		0FE09D26296F3C3600CFEF6D /* FeedViewControllerTests+Assertions.swift */ = {isa = PBXFileReference; lastKnownFileType = sourcecode.swift; path = "FeedViewControllerTests+Assertions.swift"; sourceTree = "<group>"; };
		0FE09D27296F3C3600CFEF6D /* FeedViewController+TestHelpers.swift */ = {isa = PBXFileReference; lastKnownFileType = sourcecode.swift; path = "FeedViewController+TestHelpers.swift"; sourceTree = "<group>"; };
		0FE09D28296F3C3600CFEF6D /* UIImage+TestHelpers.swift */ = {isa = PBXFileReference; lastKnownFileType = sourcecode.swift; path = "UIImage+TestHelpers.swift"; sourceTree = "<group>"; };
		0FE09D29296F3C3600CFEF6D /* FeedViewControllerTests+Localization.swift */ = {isa = PBXFileReference; lastKnownFileType = sourcecode.swift; path = "FeedViewControllerTests+Localization.swift"; sourceTree = "<group>"; };
		0FE09D2A296F3C3700CFEF6D /* UIButton+TestHelpers.swift */ = {isa = PBXFileReference; lastKnownFileType = sourcecode.swift; path = "UIButton+TestHelpers.swift"; sourceTree = "<group>"; };
		0FE09D2B296F3C3700CFEF6D /* FeedImageCell+TestHelpers.swift */ = {isa = PBXFileReference; lastKnownFileType = sourcecode.swift; path = "FeedImageCell+TestHelpers.swift"; sourceTree = "<group>"; };
		0FE09D2C296F3C3700CFEF6D /* UIControl+TestHelpers.swift */ = {isa = PBXFileReference; lastKnownFileType = sourcecode.swift; path = "UIControl+TestHelpers.swift"; sourceTree = "<group>"; };
		0FE09D36296F3C5D00CFEF6D /* FeedUIIntegrationTests.swift */ = {isa = PBXFileReference; lastKnownFileType = sourcecode.swift; path = FeedUIIntegrationTests.swift; sourceTree = "<group>"; };
/* End PBXFileReference section */

/* Begin PBXFrameworksBuildPhase section */
		0F7E75452968521F007182D9 /* Frameworks */ = {
			isa = PBXFrameworksBuildPhase;
			buildActionMask = 2147483647;
			files = (
				0F7E7589296854B1007182D9 /* EssentialFeed.framework in Frameworks */,
				0F7E758D296854B5007182D9 /* EssentialFeediOS.framework in Frameworks */,
			);
			runOnlyForDeploymentPostprocessing = 0;
		};
		0F7E755B29685220007182D9 /* Frameworks */ = {
			isa = PBXFrameworksBuildPhase;
			buildActionMask = 2147483647;
			files = (
			);
			runOnlyForDeploymentPostprocessing = 0;
		};
/* End PBXFrameworksBuildPhase section */

/* Begin PBXGroup section */
		0F5742D7296B1F4D0020C0D9 /* Helpers */ = {
			isa = PBXGroup;
			children = (
				0F1050AA296C733F0099C492 /* XCTestCase+MemoryLeakTracking.swift */,
				0F1050BC296C94870099C492 /* FeedLoaderTestCase+FeedImageDataLoader.swift */,
				0F1050AC296C73B50099C492 /* SharedTestHelpers.swift */,
				0F1050BA296C8CD90099C492 /* FeedImageDataLoaderStub.swift */,
				0FE09D28296F3C3600CFEF6D /* UIImage+TestHelpers.swift */,
				0FE09D24296F3C3600CFEF6D /* UIRefreshControl+TestHelpers.swift */,
				0FE09D2A296F3C3700CFEF6D /* UIButton+TestHelpers.swift */,
				0FE09D2C296F3C3700CFEF6D /* UIControl+TestHelpers.swift */,
				0FE09D27296F3C3600CFEF6D /* FeedViewController+TestHelpers.swift */,
				0FE09D2B296F3C3700CFEF6D /* FeedImageCell+TestHelpers.swift */,
				0FE09D25296F3C3600CFEF6D /* FeedViewControllerTests+LoaderSpy.swift */,
				0FE09D26296F3C3600CFEF6D /* FeedViewControllerTests+Assertions.swift */,
				0FE09D29296F3C3600CFEF6D /* FeedViewControllerTests+Localization.swift */,
			);
			path = Helpers;
			sourceTree = "<group>";
		};
		0F7E753F2968521F007182D9 = {
			isa = PBXGroup;
			children = (
				0F7E754A2968521F007182D9 /* EssentialApp */,
				0F7E756129685220007182D9 /* EssentialAppTests */,
				0F7E75492968521F007182D9 /* Products */,
				0F7E7587296854B1007182D9 /* Frameworks */,
			);
			sourceTree = "<group>";
		};
		0F7E75492968521F007182D9 /* Products */ = {
			isa = PBXGroup;
			children = (
				0F7E75482968521F007182D9 /* EssentialApp.app */,
				0F7E755E29685220007182D9 /* EssentialAppTests.xctest */,
			);
			name = Products;
			sourceTree = "<group>";
		};
		0F7E754A2968521F007182D9 /* EssentialApp */ = {
			isa = PBXGroup;
			children = (
				0F7E754B2968521F007182D9 /* AppDelegate.swift */,
				0F7E754D2968521F007182D9 /* SceneDelegate.swift */,
				0FC45262297042CA00A2A4B8 /* CombineHelpers.swift */,
				0FE09D19296F3BFD00CFEF6D /* FeedUIComposer.swift */,
				0FE09D18296F3BFD00CFEF6D /* WeakRefVirtualProxy.swift */,
				0FE09D1B296F3BFD00CFEF6D /* LoadResourcePresentationAdapter.swift */,
				0FE09D1D296F3BFD00CFEF6D /* FeedViewAdapter.swift */,
				0F7E754F2968521F007182D9 /* ViewController.swift */,
				0F7E755429685220007182D9 /* Assets.xcassets */,
				0F7E755629685220007182D9 /* LaunchScreen.storyboard */,
			);
			path = EssentialApp;
			sourceTree = "<group>";
		};
		0F7E756129685220007182D9 /* EssentialAppTests */ = {
			isa = PBXGroup;
			children = (
				0F5742D7296B1F4D0020C0D9 /* Helpers */,
				0FE09CF0296F329600CFEF6D /* SceneDelegateTests.swift */,
				0F7756A7296F3E5A004A0364 /* FeedAcceptanceTests.swift */,
				0FE09D36296F3C5D00CFEF6D /* FeedUIIntegrationTests.swift */,
			);
			path = EssentialAppTests;
			sourceTree = "<group>";
		};
		0F7E7587296854B1007182D9 /* Frameworks */ = {
			isa = PBXGroup;
			children = (
				0F7E758C296854B5007182D9 /* EssentialFeediOS.framework */,
				0F7E7588296854B1007182D9 /* EssentialFeed.framework */,
			);
			name = Frameworks;
			sourceTree = "<group>";
		};
/* End PBXGroup section */

/* Begin PBXNativeTarget section */
		0F7E75472968521F007182D9 /* EssentialApp */ = {
			isa = PBXNativeTarget;
			buildConfigurationList = 0F7E757229685220007182D9 /* Build configuration list for PBXNativeTarget "EssentialApp" */;
			buildPhases = (
				0F7E75442968521F007182D9 /* Sources */,
				0F7E75452968521F007182D9 /* Frameworks */,
				0F7E75462968521F007182D9 /* Resources */,
				0F7E758B296854B1007182D9 /* Embed Frameworks */,
			);
			buildRules = (
			);
			dependencies = (
			);
			name = EssentialApp;
			productName = EssentialApp;
			productReference = 0F7E75482968521F007182D9 /* EssentialApp.app */;
			productType = "com.apple.product-type.application";
		};
		0F7E755D29685220007182D9 /* EssentialAppTests */ = {
			isa = PBXNativeTarget;
			buildConfigurationList = 0F7E757529685220007182D9 /* Build configuration list for PBXNativeTarget "EssentialAppTests" */;
			buildPhases = (
				0F7E755A29685220007182D9 /* Sources */,
				0F7E755B29685220007182D9 /* Frameworks */,
				0F7E755C29685220007182D9 /* Resources */,
			);
			buildRules = (
			);
			dependencies = (
				0F7E756029685220007182D9 /* PBXTargetDependency */,
			);
			name = EssentialAppTests;
			productName = EssentialAppTests;
			productReference = 0F7E755E29685220007182D9 /* EssentialAppTests.xctest */;
			productType = "com.apple.product-type.bundle.unit-test";
		};
/* End PBXNativeTarget section */

/* Begin PBXProject section */
		0F7E75402968521F007182D9 /* Project object */ = {
			isa = PBXProject;
			attributes = {
				BuildIndependentTargetsInParallel = 1;
				LastSwiftUpdateCheck = 1420;
				LastUpgradeCheck = 1420;
				TargetAttributes = {
					0F7E75472968521F007182D9 = {
						CreatedOnToolsVersion = 14.2;
					};
					0F7E755D29685220007182D9 = {
						CreatedOnToolsVersion = 14.2;
						TestTargetID = 0F7E75472968521F007182D9;
					};
				};
			};
			buildConfigurationList = 0F7E75432968521F007182D9 /* Build configuration list for PBXProject "EssentialApp" */;
			compatibilityVersion = "Xcode 14.0";
			developmentRegion = en;
			hasScannedForEncodings = 0;
			knownRegions = (
				en,
				Base,
			);
			mainGroup = 0F7E753F2968521F007182D9;
			productRefGroup = 0F7E75492968521F007182D9 /* Products */;
			projectDirPath = "";
			projectRoot = "";
			targets = (
				0F7E75472968521F007182D9 /* EssentialApp */,
				0F7E755D29685220007182D9 /* EssentialAppTests */,
			);
		};
/* End PBXProject section */

/* Begin PBXResourcesBuildPhase section */
		0F7E75462968521F007182D9 /* Resources */ = {
			isa = PBXResourcesBuildPhase;
			buildActionMask = 2147483647;
			files = (
				0F7E755829685220007182D9 /* LaunchScreen.storyboard in Resources */,
				0F7E755529685220007182D9 /* Assets.xcassets in Resources */,
			);
			runOnlyForDeploymentPostprocessing = 0;
		};
		0F7E755C29685220007182D9 /* Resources */ = {
			isa = PBXResourcesBuildPhase;
			buildActionMask = 2147483647;
			files = (
			);
			runOnlyForDeploymentPostprocessing = 0;
		};
/* End PBXResourcesBuildPhase section */

/* Begin PBXSourcesBuildPhase section */
		0F7E75442968521F007182D9 /* Sources */ = {
			isa = PBXSourcesBuildPhase;
			buildActionMask = 2147483647;
			files = (
				0FE09D20296F3BFE00CFEF6D /* LoadResourcePresentationAdapter.swift in Sources */,
				0F7E75502968521F007182D9 /* ViewController.swift in Sources */,
				0FC45263297042CA00A2A4B8 /* CombineHelpers.swift in Sources */,
				0FE09D21296F3BFE00CFEF6D /* FeedViewAdapter.swift in Sources */,
				0F7E754C2968521F007182D9 /* AppDelegate.swift in Sources */,
				0FE09D22296F3BFE00CFEF6D /* FeedUIComposer.swift in Sources */,
				0F7E754E2968521F007182D9 /* SceneDelegate.swift in Sources */,
				0FE09D23296F3BFE00CFEF6D /* WeakRefVirtualProxy.swift in Sources */,
			);
			runOnlyForDeploymentPostprocessing = 0;
		};
		0F7E755A29685220007182D9 /* Sources */ = {
			isa = PBXSourcesBuildPhase;
			buildActionMask = 2147483647;
			files = (
				0F1050BB296C8CD90099C492 /* FeedImageDataLoaderStub.swift in Sources */,
				0F1050BD296C94870099C492 /* FeedLoaderTestCase+FeedImageDataLoader.swift in Sources */,
				0F1050AD296C73B50099C492 /* SharedTestHelpers.swift in Sources */,
				0FE09D32296F3C3700CFEF6D /* UIControl+TestHelpers.swift in Sources */,
				0FE09CF1296F329600CFEF6D /* SceneDelegateTests.swift in Sources */,
				0FE09D34296F3C3700CFEF6D /* FeedViewControllerTests+Localization.swift in Sources */,
				0FE09D35296F3C3700CFEF6D /* FeedViewController+TestHelpers.swift in Sources */,
				0FE09D30296F3C3700CFEF6D /* UIImage+TestHelpers.swift in Sources */,
				0FE09D2E296F3C3700CFEF6D /* UIRefreshControl+TestHelpers.swift in Sources */,
				0FE09D33296F3C3700CFEF6D /* FeedImageCell+TestHelpers.swift in Sources */,
				0FE09D2F296F3C3700CFEF6D /* UIButton+TestHelpers.swift in Sources */,
				0FE09D2D296F3C3700CFEF6D /* FeedViewControllerTests+LoaderSpy.swift in Sources */,
				0F7756A8296F3E5A004A0364 /* FeedAcceptanceTests.swift in Sources */,
				0F1050AB296C733F0099C492 /* XCTestCase+MemoryLeakTracking.swift in Sources */,
				0FE09D37296F3C5D00CFEF6D /* FeedUIIntegrationTests.swift in Sources */,
				0FE09D31296F3C3700CFEF6D /* FeedViewControllerTests+Assertions.swift in Sources */,
			);
			runOnlyForDeploymentPostprocessing = 0;
		};
/* End PBXSourcesBuildPhase section */

/* Begin PBXTargetDependency section */
		0F7E756029685220007182D9 /* PBXTargetDependency */ = {
			isa = PBXTargetDependency;
			target = 0F7E75472968521F007182D9 /* EssentialApp */;
			targetProxy = 0F7E755F29685220007182D9 /* PBXContainerItemProxy */;
		};
/* End PBXTargetDependency section */

/* Begin PBXVariantGroup section */
		0F7E755629685220007182D9 /* LaunchScreen.storyboard */ = {
			isa = PBXVariantGroup;
			children = (
				0F7E755729685220007182D9 /* Base */,
			);
			name = LaunchScreen.storyboard;
			sourceTree = "<group>";
		};
/* End PBXVariantGroup section */

/* Begin XCBuildConfiguration section */
		0F7E757029685220007182D9 /* Debug */ = {
			isa = XCBuildConfiguration;
			buildSettings = {
				ALWAYS_SEARCH_USER_PATHS = NO;
				CLANG_ANALYZER_NONNULL = YES;
				CLANG_ANALYZER_NUMBER_OBJECT_CONVERSION = YES_AGGRESSIVE;
				CLANG_CXX_LANGUAGE_STANDARD = "gnu++20";
				CLANG_ENABLE_MODULES = YES;
				CLANG_ENABLE_OBJC_ARC = YES;
				CLANG_ENABLE_OBJC_WEAK = YES;
				CLANG_WARN_BLOCK_CAPTURE_AUTORELEASING = YES;
				CLANG_WARN_BOOL_CONVERSION = YES;
				CLANG_WARN_COMMA = YES;
				CLANG_WARN_CONSTANT_CONVERSION = YES;
				CLANG_WARN_DEPRECATED_OBJC_IMPLEMENTATIONS = YES;
				CLANG_WARN_DIRECT_OBJC_ISA_USAGE = YES_ERROR;
				CLANG_WARN_DOCUMENTATION_COMMENTS = YES;
				CLANG_WARN_EMPTY_BODY = YES;
				CLANG_WARN_ENUM_CONVERSION = YES;
				CLANG_WARN_INFINITE_RECURSION = YES;
				CLANG_WARN_INT_CONVERSION = YES;
				CLANG_WARN_NON_LITERAL_NULL_CONVERSION = YES;
				CLANG_WARN_OBJC_IMPLICIT_RETAIN_SELF = YES;
				CLANG_WARN_OBJC_LITERAL_CONVERSION = YES;
				CLANG_WARN_OBJC_ROOT_CLASS = YES_ERROR;
				CLANG_WARN_QUOTED_INCLUDE_IN_FRAMEWORK_HEADER = YES;
				CLANG_WARN_RANGE_LOOP_ANALYSIS = YES;
				CLANG_WARN_STRICT_PROTOTYPES = YES;
				CLANG_WARN_SUSPICIOUS_MOVE = YES;
				CLANG_WARN_UNGUARDED_AVAILABILITY = YES_AGGRESSIVE;
				CLANG_WARN_UNREACHABLE_CODE = YES;
				CLANG_WARN__DUPLICATE_METHOD_MATCH = YES;
				COPY_PHASE_STRIP = NO;
				DEBUG_INFORMATION_FORMAT = dwarf;
				ENABLE_STRICT_OBJC_MSGSEND = YES;
				ENABLE_TESTABILITY = YES;
				GCC_C_LANGUAGE_STANDARD = gnu11;
				GCC_DYNAMIC_NO_PIC = NO;
				GCC_NO_COMMON_BLOCKS = YES;
				GCC_OPTIMIZATION_LEVEL = 0;
				GCC_PREPROCESSOR_DEFINITIONS = (
					"DEBUG=1",
					"$(inherited)",
				);
				GCC_WARN_64_TO_32_BIT_CONVERSION = YES;
				GCC_WARN_ABOUT_RETURN_TYPE = YES_ERROR;
				GCC_WARN_UNDECLARED_SELECTOR = YES;
				GCC_WARN_UNINITIALIZED_AUTOS = YES_AGGRESSIVE;
				GCC_WARN_UNUSED_FUNCTION = YES;
				GCC_WARN_UNUSED_VARIABLE = YES;
				IPHONEOS_DEPLOYMENT_TARGET = 16.2;
				MTL_ENABLE_DEBUG_INFO = INCLUDE_SOURCE;
				MTL_FAST_MATH = YES;
				ONLY_ACTIVE_ARCH = YES;
				SDKROOT = iphoneos;
				SWIFT_ACTIVE_COMPILATION_CONDITIONS = DEBUG;
				SWIFT_OPTIMIZATION_LEVEL = "-Onone";
			};
			name = Debug;
		};
		0F7E757129685220007182D9 /* Release */ = {
			isa = XCBuildConfiguration;
			buildSettings = {
				ALWAYS_SEARCH_USER_PATHS = NO;
				CLANG_ANALYZER_NONNULL = YES;
				CLANG_ANALYZER_NUMBER_OBJECT_CONVERSION = YES_AGGRESSIVE;
				CLANG_CXX_LANGUAGE_STANDARD = "gnu++20";
				CLANG_ENABLE_MODULES = YES;
				CLANG_ENABLE_OBJC_ARC = YES;
				CLANG_ENABLE_OBJC_WEAK = YES;
				CLANG_WARN_BLOCK_CAPTURE_AUTORELEASING = YES;
				CLANG_WARN_BOOL_CONVERSION = YES;
				CLANG_WARN_COMMA = YES;
				CLANG_WARN_CONSTANT_CONVERSION = YES;
				CLANG_WARN_DEPRECATED_OBJC_IMPLEMENTATIONS = YES;
				CLANG_WARN_DIRECT_OBJC_ISA_USAGE = YES_ERROR;
				CLANG_WARN_DOCUMENTATION_COMMENTS = YES;
				CLANG_WARN_EMPTY_BODY = YES;
				CLANG_WARN_ENUM_CONVERSION = YES;
				CLANG_WARN_INFINITE_RECURSION = YES;
				CLANG_WARN_INT_CONVERSION = YES;
				CLANG_WARN_NON_LITERAL_NULL_CONVERSION = YES;
				CLANG_WARN_OBJC_IMPLICIT_RETAIN_SELF = YES;
				CLANG_WARN_OBJC_LITERAL_CONVERSION = YES;
				CLANG_WARN_OBJC_ROOT_CLASS = YES_ERROR;
				CLANG_WARN_QUOTED_INCLUDE_IN_FRAMEWORK_HEADER = YES;
				CLANG_WARN_RANGE_LOOP_ANALYSIS = YES;
				CLANG_WARN_STRICT_PROTOTYPES = YES;
				CLANG_WARN_SUSPICIOUS_MOVE = YES;
				CLANG_WARN_UNGUARDED_AVAILABILITY = YES_AGGRESSIVE;
				CLANG_WARN_UNREACHABLE_CODE = YES;
				CLANG_WARN__DUPLICATE_METHOD_MATCH = YES;
				COPY_PHASE_STRIP = NO;
				DEBUG_INFORMATION_FORMAT = "dwarf-with-dsym";
				ENABLE_NS_ASSERTIONS = NO;
				ENABLE_STRICT_OBJC_MSGSEND = YES;
				GCC_C_LANGUAGE_STANDARD = gnu11;
				GCC_NO_COMMON_BLOCKS = YES;
				GCC_WARN_64_TO_32_BIT_CONVERSION = YES;
				GCC_WARN_ABOUT_RETURN_TYPE = YES_ERROR;
				GCC_WARN_UNDECLARED_SELECTOR = YES;
				GCC_WARN_UNINITIALIZED_AUTOS = YES_AGGRESSIVE;
				GCC_WARN_UNUSED_FUNCTION = YES;
				GCC_WARN_UNUSED_VARIABLE = YES;
				IPHONEOS_DEPLOYMENT_TARGET = 16.2;
				MTL_ENABLE_DEBUG_INFO = NO;
				MTL_FAST_MATH = YES;
				SDKROOT = iphoneos;
				SWIFT_COMPILATION_MODE = wholemodule;
				SWIFT_OPTIMIZATION_LEVEL = "-O";
				VALIDATE_PRODUCT = YES;
			};
			name = Release;
		};
		0F7E757329685220007182D9 /* Debug */ = {
			isa = XCBuildConfiguration;
			buildSettings = {
				ASSETCATALOG_COMPILER_APPICON_NAME = AppIcon;
				ASSETCATALOG_COMPILER_GLOBAL_ACCENT_COLOR_NAME = AccentColor;
				CODE_SIGN_STYLE = Automatic;
				CURRENT_PROJECT_VERSION = 1;
				DEVELOPMENT_TEAM = ULSKSPKFH7;
				GENERATE_INFOPLIST_FILE = YES;
				INFOPLIST_FILE = EssentialApp/Info.plist;
				INFOPLIST_KEY_UIApplicationSupportsIndirectInputEvents = YES;
				INFOPLIST_KEY_UILaunchStoryboardName = LaunchScreen;
				INFOPLIST_KEY_UIMainStoryboardFile = "";
				INFOPLIST_KEY_UISupportedInterfaceOrientations = UIInterfaceOrientationPortrait;
				LD_RUNPATH_SEARCH_PATHS = (
					"$(inherited)",
					"@executable_path/Frameworks",
				);
				MARKETING_VERSION = 1.0;
				PRODUCT_BUNDLE_IDENTIFIER = com.marian.EssentialApp;
				PRODUCT_NAME = "$(TARGET_NAME)";
				SUPPORTED_PLATFORMS = "iphoneos iphonesimulator";
				SUPPORTS_MACCATALYST = NO;
				SUPPORTS_MAC_DESIGNED_FOR_IPHONE_IPAD = NO;
				SWIFT_EMIT_LOC_STRINGS = YES;
				SWIFT_VERSION = 5.0;
				TARGETED_DEVICE_FAMILY = "1,2";
			};
			name = Debug;
		};
		0F7E757429685220007182D9 /* Release */ = {
			isa = XCBuildConfiguration;
			buildSettings = {
				ASSETCATALOG_COMPILER_APPICON_NAME = AppIcon;
				ASSETCATALOG_COMPILER_GLOBAL_ACCENT_COLOR_NAME = AccentColor;
				CODE_SIGN_STYLE = Automatic;
				CURRENT_PROJECT_VERSION = 1;
				DEVELOPMENT_TEAM = ULSKSPKFH7;
				GENERATE_INFOPLIST_FILE = YES;
				INFOPLIST_FILE = EssentialApp/Info.plist;
				INFOPLIST_KEY_UIApplicationSupportsIndirectInputEvents = YES;
				INFOPLIST_KEY_UILaunchStoryboardName = LaunchScreen;
				INFOPLIST_KEY_UIMainStoryboardFile = "";
				INFOPLIST_KEY_UISupportedInterfaceOrientations = UIInterfaceOrientationPortrait;
				LD_RUNPATH_SEARCH_PATHS = (
					"$(inherited)",
					"@executable_path/Frameworks",
				);
				MARKETING_VERSION = 1.0;
				PRODUCT_BUNDLE_IDENTIFIER = com.marian.EssentialApp;
				PRODUCT_NAME = "$(TARGET_NAME)";
				SUPPORTED_PLATFORMS = "iphoneos iphonesimulator";
				SUPPORTS_MACCATALYST = NO;
				SUPPORTS_MAC_DESIGNED_FOR_IPHONE_IPAD = NO;
				SWIFT_EMIT_LOC_STRINGS = YES;
				SWIFT_VERSION = 5.0;
				TARGETED_DEVICE_FAMILY = "1,2";
			};
			name = Release;
		};
		0F7E757629685220007182D9 /* Debug */ = {
			isa = XCBuildConfiguration;
			buildSettings = {
				ALWAYS_EMBED_SWIFT_STANDARD_LIBRARIES = YES;
				BUNDLE_LOADER = "$(TEST_HOST)";
				CODE_SIGN_STYLE = Automatic;
				CURRENT_PROJECT_VERSION = 1;
				DEVELOPMENT_TEAM = ULSKSPKFH7;
				GENERATE_INFOPLIST_FILE = YES;
				IPHONEOS_DEPLOYMENT_TARGET = 16.2;
				MARKETING_VERSION = 1.0;
				PRODUCT_BUNDLE_IDENTIFIER = com.marian.EssentialAppTests;
				PRODUCT_NAME = "$(TARGET_NAME)";
				SUPPORTED_PLATFORMS = "iphoneos iphonesimulator";
				SUPPORTS_MACCATALYST = NO;
				SUPPORTS_MAC_DESIGNED_FOR_IPHONE_IPAD = NO;
				SWIFT_EMIT_LOC_STRINGS = NO;
				SWIFT_VERSION = 5.0;
				TARGETED_DEVICE_FAMILY = "1,2";
				TEST_HOST = "$(BUILT_PRODUCTS_DIR)/EssentialApp.app/$(BUNDLE_EXECUTABLE_FOLDER_PATH)/EssentialApp";
			};
			name = Debug;
		};
		0F7E757729685220007182D9 /* Release */ = {
			isa = XCBuildConfiguration;
			buildSettings = {
				ALWAYS_EMBED_SWIFT_STANDARD_LIBRARIES = YES;
				BUNDLE_LOADER = "$(TEST_HOST)";
				CODE_SIGN_STYLE = Automatic;
				CURRENT_PROJECT_VERSION = 1;
				DEVELOPMENT_TEAM = ULSKSPKFH7;
				GENERATE_INFOPLIST_FILE = YES;
				IPHONEOS_DEPLOYMENT_TARGET = 16.2;
				MARKETING_VERSION = 1.0;
				PRODUCT_BUNDLE_IDENTIFIER = com.marian.EssentialAppTests;
				PRODUCT_NAME = "$(TARGET_NAME)";
				SUPPORTED_PLATFORMS = "iphoneos iphonesimulator";
				SUPPORTS_MACCATALYST = NO;
				SUPPORTS_MAC_DESIGNED_FOR_IPHONE_IPAD = NO;
				SWIFT_EMIT_LOC_STRINGS = NO;
				SWIFT_VERSION = 5.0;
				TARGETED_DEVICE_FAMILY = "1,2";
				TEST_HOST = "$(BUILT_PRODUCTS_DIR)/EssentialApp.app/$(BUNDLE_EXECUTABLE_FOLDER_PATH)/EssentialApp";
			};
			name = Release;
		};
/* End XCBuildConfiguration section */

/* Begin XCConfigurationList section */
		0F7E75432968521F007182D9 /* Build configuration list for PBXProject "EssentialApp" */ = {
			isa = XCConfigurationList;
			buildConfigurations = (
				0F7E757029685220007182D9 /* Debug */,
				0F7E757129685220007182D9 /* Release */,
			);
			defaultConfigurationIsVisible = 0;
			defaultConfigurationName = Release;
		};
		0F7E757229685220007182D9 /* Build configuration list for PBXNativeTarget "EssentialApp" */ = {
			isa = XCConfigurationList;
			buildConfigurations = (
				0F7E757329685220007182D9 /* Debug */,
				0F7E757429685220007182D9 /* Release */,
			);
			defaultConfigurationIsVisible = 0;
			defaultConfigurationName = Release;
		};
		0F7E757529685220007182D9 /* Build configuration list for PBXNativeTarget "EssentialAppTests" */ = {
			isa = XCConfigurationList;
			buildConfigurations = (
				0F7E757629685220007182D9 /* Debug */,
				0F7E757729685220007182D9 /* Release */,
			);
			defaultConfigurationIsVisible = 0;
			defaultConfigurationName = Release;
		};
/* End XCConfigurationList section */
	};
	rootObject = 0F7E75402968521F007182D9 /* Project object */;
}
